
Microsoft Visual Studio Solution File, Format Version 12.00
# Visual Studio Version 16
VisualStudioVersion = 16.0.31025.194
MinimumVisualStudioVersion = 10.0.40219.1
Project("{FAE04EC0-301F-11D3-BF4B-00C04F79EFBC}") = "BgPropertiesServer", "BgPropertiesServer\BgPropertiesServer.csproj", "{5CE65C12-E4A6-44BB-BD8A-FD10EC158248}"
EndProject
Global
	GlobalSection(SolutionConfigurationPlatforms) = preSolution
		Debug|Any CPU = Debug|Any CPU
		Release|Any CPU = Release|Any CPU
	EndGlobalSection
	GlobalSection(ProjectConfigurationPlatforms) = postSolution
		{5CE65C12-E4A6-44BB-BD8A-FD10EC158248}.Debug|Any CPU.ActiveCfg = Debug|Any CPU
		{5CE65C12-E4A6-44BB-BD8A-FD10EC158248}.Debug|Any CPU.Build.0 = Debug|Any CPU
		{5CE65C12-E4A6-44BB-BD8A-FD10EC158248}.Release|Any CPU.ActiveCfg = Release|Any CPU
		{5CE65C12-E4A6-44BB-BD8A-FD10EC158248}.Release|Any CPU.Build.0 = Release|Any CPU
	EndGlobalSection
	GlobalSection(SolutionProperties) = preSolution
		HideSolutionNode = FALSE
	EndGlobalSection
	GlobalSection(ExtensibilityGlobals) = postSolution
		SolutionGuid = {842ED7A4-39B5-4373-BA80-01DBF27A999D}
	EndGlobalSection
EndGlobal
